
Microsoft Visual Studio Solution File, Format Version 12.00
# Visual Studio Version 17
VisualStudioVersion = 17.10.35122.118
MinimumVisualStudioVersion = 10.0.40219.1
Project("{9A19103F-16F7-4668-BE54-9A1E7A4F7556}") = "PetHealthCatalog.Domain", "PetHealthCatalog.Domain\PetHealthCatalog.Domain.csproj", "{12DF5E5F-A998-40DB-B94D-C9D289DAFD24}"
EndProject
Project("{9A19103F-16F7-4668-BE54-9A1E7A4F7556}") = "PetHealthCatalog.Application", "PetHealthCatalog.Application\PetHealthCatalog.Application.csproj", "{B9A54BEB-0CCC-4DF9-AFF6-E93862F5E667}"
EndProject
Project("{9A19103F-16F7-4668-BE54-9A1E7A4F7556}") = "PetHealthCatalog.Infrastucture", "PetHealthCatalog.Infrastucture\PetHealthCatalog.Infrastucture.csproj", "{C622EFF9-C782-4D8B-8BBC-3145D58FB1A2}"
EndProject
Project("{9A19103F-16F7-4668-BE54-9A1E7A4F7556}") = "PetHealthCatalog", "PetHealthCatalog\PetHealthCatalog.csproj", "{9FB1CFEF-9AF5-4424-A578-8A2E45952B3E}"
EndProject
Global
	GlobalSection(SolutionConfigurationPlatforms) = preSolution
		Debug|Any CPU = Debug|Any CPU
		Release|Any CPU = Release|Any CPU
	EndGlobalSection
	GlobalSection(ProjectConfigurationPlatforms) = postSolution
		{12DF5E5F-A998-40DB-B94D-C9D289DAFD24}.Debug|Any CPU.ActiveCfg = Debug|Any CPU
		{12DF5E5F-A998-40DB-B94D-C9D289DAFD24}.Debug|Any CPU.Build.0 = Debug|Any CPU
		{12DF5E5F-A998-40DB-B94D-C9D289DAFD24}.Release|Any CPU.ActiveCfg = Release|Any CPU
		{12DF5E5F-A998-40DB-B94D-C9D289DAFD24}.Release|Any CPU.Build.0 = Release|Any CPU
		{B9A54BEB-0CCC-4DF9-AFF6-E93862F5E667}.Debug|Any CPU.ActiveCfg = Debug|Any CPU
		{B9A54BEB-0CCC-4DF9-AFF6-E93862F5E667}.Debug|Any CPU.Build.0 = Debug|Any CPU
		{B9A54BEB-0CCC-4DF9-AFF6-E93862F5E667}.Release|Any CPU.ActiveCfg = Release|Any CPU
		{B9A54BEB-0CCC-4DF9-AFF6-E93862F5E667}.Release|Any CPU.Build.0 = Release|Any CPU
		{C622EFF9-C782-4D8B-8BBC-3145D58FB1A2}.Debug|Any CPU.ActiveCfg = Debug|Any CPU
		{C622EFF9-C782-4D8B-8BBC-3145D58FB1A2}.Debug|Any CPU.Build.0 = Debug|Any CPU
		{C622EFF9-C782-4D8B-8BBC-3145D58FB1A2}.Release|Any CPU.ActiveCfg = Release|Any CPU
		{C622EFF9-C782-4D8B-8BBC-3145D58FB1A2}.Release|Any CPU.Build.0 = Release|Any CPU
		{9FB1CFEF-9AF5-4424-A578-8A2E45952B3E}.Debug|Any CPU.ActiveCfg = Debug|Any CPU
		{9FB1CFEF-9AF5-4424-A578-8A2E45952B3E}.Debug|Any CPU.Build.0 = Debug|Any CPU
		{9FB1CFEF-9AF5-4424-A578-8A2E45952B3E}.Release|Any CPU.ActiveCfg = Release|Any CPU
		{9FB1CFEF-9AF5-4424-A578-8A2E45952B3E}.Release|Any CPU.Build.0 = Release|Any CPU
	EndGlobalSection
	GlobalSection(SolutionProperties) = preSolution
		HideSolutionNode = FALSE
	EndGlobalSection
	GlobalSection(ExtensibilityGlobals) = postSolution
		SolutionGuid = {8142E9EE-2822-4663-9FED-3D45398E101E}
	EndGlobalSection
EndGlobal
